<?xml version="1.0" encoding="utf-8"?>
<Project ToolsVersion="4.0" xmlns="http://schemas.microsoft.com/developer/msbuild/2003">
  <ItemGroup>
    <Filter Include="Source Files">
      <UniqueIdentifier>{4FC737F1-C7A5-4376-A066-2A32D752A2FF}</UniqueIdentifier>
      <Extensions>cpp;c;cc;cxx;c++;cppm;ixx;def;odl;idl;hpj;bat;asm;asmx</Extensions>
    </Filter>
    <Filter Include="Header Files">
      <UniqueIdentifier>{93995380-89BD-4b04-88EB-625FBE52EBFB}</UniqueIdentifier>
      <Extensions>h;hh;hpp;hxx;h++;hm;inl;inc;ipp;xsd</Extensions>
    </Filter>
    <Filter Include="Resource Files">
      <UniqueIdentifier>{67DA6AB6-F800-4c08-8B7A-83BB121AAD01}</UniqueIdentifier>
      <Extensions>rc;ico;cur;bmp;dlg;rc2;rct;bin;rgs;gif;jpg;jpeg;jpe;resx;tiff;tif;png;wav;mfcribbon-ms</Extensions>
    </Filter>
    <Filter Include="D3D">
      <UniqueIdentifier>{f812c001-de79-4040-9859-d660ac52d748}</UniqueIdentifier>
    </Filter>
    <Filter Include="D3D\Header Files">
      <UniqueIdentifier>{d5a4ce14-ab26-4ab9-99ee-81098b0440b3}</UniqueIdentifier>
    </Filter>
    <Filter Include="D3D\Source Files">
      <UniqueIdentifier>{84010429-0a70-4b42-b1c1-d2e8e8993b91}</UniqueIdentifier>
    </Filter>
    <Filter Include="D3D\Resource Files">
      <UniqueIdentifier>{e9b9e7a4-115a-4a8a-8d60-6190e38ad00e}</UniqueIdentifier>
    </Filter>
    <Filter Include="Captures">
      <UniqueIdentifier>{909993da-b69a-4ddf-8259-b94ae828f8f8}</UniqueIdentifier>
    </Filter>
    <Filter Include="Captures\Win10_1903">
      <UniqueIdentifier>{8dba567a-5be2-405f-9804-2f1f3a00f3c4}</UniqueIdentifier>
    </Filter>
    <Filter Include="Captures\Win10_1903\Header Files">
      <UniqueIdentifier>{26f0c4ce-617d-4529-97c2-46810609ccf3}</UniqueIdentifier>
    </Filter>
    <Filter Include="Captures\Win10_1903\Source Files">
      <UniqueIdentifier>{37295491-60ea-4ac7-8326-5b7dc9f48de3}</UniqueIdentifier>
    </Filter>
    <Filter Include="Captures\DesktopDuplication">
      <UniqueIdentifier>{7bd1da31-10d6-4b9e-85e4-9ac3c092f202}</UniqueIdentifier>
    </Filter>
    <Filter Include="Captures\Hdc">
      <UniqueIdentifier>{4d308e42-e1a3-4523-ac52-f201231964d1}</UniqueIdentifier>
    </Filter>
    <Filter Include="Captures\Hdc\Bitblt">
      <UniqueIdentifier>{1cfa800e-f1a4-4b7b-acc3-4571e0902812}</UniqueIdentifier>
    </Filter>
    <Filter Include="Captures\Hdc\PrintWindow">
      <UniqueIdentifier>{8c421acb-aa1a-425f-b51d-25b9204845fd}</UniqueIdentifier>
    </Filter>
  </ItemGroup>
  <ItemGroup>
    <ClInclude Include="PixelShaderClass.hpp">
      <Filter>D3D\Header Files</Filter>
    </ClInclude>
    <ClInclude Include="VertexShaderClass.hpp">
      <Filter>D3D\Header Files</Filter>
    </ClInclude>
    <ClInclude Include="Exports.hpp">
      <Filter>Header Files</Filter>
    </ClInclude>
    <ClInclude Include="WinApi.hpp">
      <Filter>Header Files</Filter>
    </ClInclude>
    <ClInclude Include="Directx.hpp">
      <Filter>Header Files</Filter>
    </ClInclude>
    <ClInclude Include="Gdi.hpp">
      <Filter>Header Files</Filter>
    </ClInclude>
    <ClInclude Include="D3DClass.hpp">
      <Filter>D3D\Header Files</Filter>
    </ClInclude>
    <ClInclude Include="RenderTextureSurfaceClass.hpp">
      <Filter>D3D\Header Files</Filter>
    </ClInclude>
    <ClInclude Include="RenderCapture.hpp">
      <Filter>D3D</Filter>
    </ClInclude>
    <ClInclude Include="BitbltCapture.hpp">
      <Filter>Captures\Hdc\Bitblt</Filter>
    </ClInclude>
    <ClInclude Include="BaseCapture.hpp">
      <Filter>Header Files</Filter>
    </ClInclude>
    <ClInclude Include="InputTextureClass.hpp">
      <Filter>D3D\Header Files</Filter>
    </ClInclude>
    <ClInclude Include="DesktopDuplicationCapture.hpp">
      <Filter>Captures\DesktopDuplication</Filter>
    </ClInclude>
    <ClInclude Include="PrintWindowCapture.hpp">
      <Filter>Captures\Hdc\PrintWindow</Filter>
    </ClInclude>
    <ClInclude Include="HdcHelper.hpp">
      <Filter>Captures\Hdc</Filter>
    </ClInclude>
    <ClInclude Include="Utils.hpp">
      <Filter>Header Files</Filter>
    </ClInclude>
    <ClInclude Include="HashHelper.hpp">
      <Filter>Header Files</Filter>
    </ClInclude>
    <ClInclude Include="CpuInstructionHelper.hpp">
      <Filter>Header Files</Filter>
    </ClInclude>
  </ItemGroup>
  <ItemGroup>
    <ClCompile Include="PixelShaderClass.cpp">
      <Filter>D3D\Source Files</Filter>
    </ClCompile>
    <ClCompile Include="VertexShaderClass.cpp">
      <Filter>D3D\Source Files</Filter>
    </ClCompile>
    <ClCompile Include="D3DClass.cpp">
      <Filter>D3D\Source Files</Filter>
    </ClCompile>
    <ClCompile Include="RenderTextureSurfaceClass.cpp">
      <Filter>D3D\Source Files</Filter>
    </ClCompile>
    <ClCompile Include="RenderCapture.cpp">
      <Filter>D3D</Filter>
    </ClCompile>
    <ClCompile Include="BitbltCapture.cpp">
      <Filter>Captures\Hdc\Bitblt</Filter>
    </ClCompile>
    <ClCompile Include="InputTextureClass.cpp">
      <Filter>D3D\Source Files</Filter>
    </ClCompile>
    <ClCompile Include="BaseCapture.cpp">
      <Filter>Source Files</Filter>
    </ClCompile>
    <ClCompile Include="DesktopDuplicationCapture.cpp">
      <Filter>Captures\DesktopDuplication</Filter>
    </ClCompile>
    <ClCompile Include="PrintWindowCapture.cpp">
      <Filter>Captures\Hdc\PrintWindow</Filter>
    </ClCompile>
    <ClCompile Include="HdcHelper.cpp">
      <Filter>Captures\Hdc</Filter>
    </ClCompile>
    <ClCompile Include="Utils.cpp">
      <Filter>Source Files</Filter>
    </ClCompile>
    <ClCompile Include="HashHelper.cpp">
      <Filter>Source Files</Filter>
    </ClCompile>
    <ClCompile Include="CpuInstructionHelper.cpp">
      <Filter>Source Files</Filter>
    </ClCompile>
    <ClCompile Include="dllmain.cpp">
      <Filter>Source Files</Filter>
    </ClCompile>
  </ItemGroup>
  <ItemGroup>
    <FxCompile Include="VertexShader.hlsl">
      <Filter>D3D\Resource Files</Filter>
    </FxCompile>
    <FxCompile Include="PixelShader.hlsl">
      <Filter>D3D\Resource Files</Filter>
    </FxCompile>
  </ItemGroup>
</Project>